
Microsoft Visual Studio Solution File, Format Version 12.00
# Visual Studio Version 17
VisualStudioVersion = 17.4.33213.308
MinimumVisualStudioVersion = 10.0.40219.1
Project("{FAE04EC0-301F-11D3-BF4B-00C04F79EFBC}") = "IT481_Unit3_JoseMiranda_Assignment", "IT481_Unit3_JoseMiranda_Assignment.csproj", "{4C6B464F-2A30-469A-B365-6032DCCFD30F}"
EndProject
Global
	GlobalSection(SolutionConfigurationPlatforms) = preSolution
		Debug|Any CPU = Debug|Any CPU
		Release|Any CPU = Release|Any CPU
	EndGlobalSection
	GlobalSection(ProjectConfigurationPlatforms) = postSolution
		{4C6B464F-2A30-469A-B365-6032DCCFD30F}.Debug|Any CPU.ActiveCfg = Debug|Any CPU
		{4C6B464F-2A30-469A-B365-6032DCCFD30F}.Debug|Any CPU.Build.0 = Debug|Any CPU
		{4C6B464F-2A30-469A-B365-6032DCCFD30F}.Release|Any CPU.ActiveCfg = Release|Any CPU
		{4C6B464F-2A30-469A-B365-6032DCCFD30F}.Release|Any CPU.Build.0 = Release|Any CPU
	EndGlobalSection
	GlobalSection(SolutionProperties) = preSolution
		HideSolutionNode = FALSE
	EndGlobalSection
	GlobalSection(ExtensibilityGlobals) = postSolution
		SolutionGuid = {08AD8920-97B2-48F9-9B2A-7B8907600161}
	EndGlobalSection
EndGlobal
